
Microsoft Visual Studio Solution File, Format Version 12.00
# Visual Studio Version 17
VisualStudioVersion = 17.10.35027.167
MinimumVisualStudioVersion = 10.0.40219.1
Project("{FAE04EC0-301F-11D3-BF4B-00C04F79EFBC}") = "Zadacha1", "Zadacha1\Zadacha1.csproj", "{01C0A3D4-B893-422A-93F2-FFDCBEC2B1D1}"
EndProject
Global
	GlobalSection(SolutionConfigurationPlatforms) = preSolution
		Debug|Any CPU = Debug|Any CPU
		Release|Any CPU = Release|Any CPU
	EndGlobalSection
	GlobalSection(ProjectConfigurationPlatforms) = postSolution
		{01C0A3D4-B893-422A-93F2-FFDCBEC2B1D1}.Debug|Any CPU.ActiveCfg = Debug|Any CPU
		{01C0A3D4-B893-422A-93F2-FFDCBEC2B1D1}.Debug|Any CPU.Build.0 = Debug|Any CPU
		{01C0A3D4-B893-422A-93F2-FFDCBEC2B1D1}.Release|Any CPU.ActiveCfg = Release|Any CPU
		{01C0A3D4-B893-422A-93F2-FFDCBEC2B1D1}.Release|Any CPU.Build.0 = Release|Any CPU
	EndGlobalSection
	GlobalSection(SolutionProperties) = preSolution
		HideSolutionNode = FALSE
	EndGlobalSection
	GlobalSection(ExtensibilityGlobals) = postSolution
		SolutionGuid = {8FA5CA32-A945-4155-BB53-A6578664A1CE}
	EndGlobalSection
EndGlobal
